
Microsoft Visual Studio Solution File, Format Version 12.00
# Visual Studio Version 16
VisualStudioVersion = 16.0.31019.35
MinimumVisualStudioVersion = 10.0.40219.1
Project("{9A19103F-16F7-4668-BE54-9A1E7A4F7556}") = "Sams.Test", "Sams.Test\Sams.Test.csproj", "{5F9C2F68-830C-46F1-833B-F903BE11A7B7}"
EndProject
Project("{9A19103F-16F7-4668-BE54-9A1E7A4F7556}") = "Sams.Data", "Sams.Data\Sams.Data.csproj", "{9B9784E6-47A2-46BB-9596-23170DF2FEB6}"
EndProject
Project("{9A19103F-16F7-4668-BE54-9A1E7A4F7556}") = "Sams.Api", "Sams.Api\Sams.Api.csproj", "{A98917EC-ED2E-4BC6-B1CA-D5738150327B}"
EndProject
Global
	GlobalSection(SolutionConfigurationPlatforms) = preSolution
		Debug|Any CPU = Debug|Any CPU
		Release|Any CPU = Release|Any CPU
	EndGlobalSection
	GlobalSection(ProjectConfigurationPlatforms) = postSolution
		{5F9C2F68-830C-46F1-833B-F903BE11A7B7}.Debug|Any CPU.ActiveCfg = Debug|Any CPU
		{5F9C2F68-830C-46F1-833B-F903BE11A7B7}.Debug|Any CPU.Build.0 = Debug|Any CPU
		{5F9C2F68-830C-46F1-833B-F903BE11A7B7}.Release|Any CPU.ActiveCfg = Release|Any CPU
		{5F9C2F68-830C-46F1-833B-F903BE11A7B7}.Release|Any CPU.Build.0 = Release|Any CPU
		{9B9784E6-47A2-46BB-9596-23170DF2FEB6}.Debug|Any CPU.ActiveCfg = Debug|Any CPU
		{9B9784E6-47A2-46BB-9596-23170DF2FEB6}.Debug|Any CPU.Build.0 = Debug|Any CPU
		{9B9784E6-47A2-46BB-9596-23170DF2FEB6}.Release|Any CPU.ActiveCfg = Release|Any CPU
		{9B9784E6-47A2-46BB-9596-23170DF2FEB6}.Release|Any CPU.Build.0 = Release|Any CPU
		{A98917EC-ED2E-4BC6-B1CA-D5738150327B}.Debug|Any CPU.ActiveCfg = Debug|Any CPU
		{A98917EC-ED2E-4BC6-B1CA-D5738150327B}.Debug|Any CPU.Build.0 = Debug|Any CPU
		{A98917EC-ED2E-4BC6-B1CA-D5738150327B}.Release|Any CPU.ActiveCfg = Release|Any CPU
		{A98917EC-ED2E-4BC6-B1CA-D5738150327B}.Release|Any CPU.Build.0 = Release|Any CPU
	EndGlobalSection
	GlobalSection(SolutionProperties) = preSolution
		HideSolutionNode = FALSE
	EndGlobalSection
	GlobalSection(ExtensibilityGlobals) = postSolution
		SolutionGuid = {0E0E8D28-CC45-4596-90CB-EB0C35FAD411}
	EndGlobalSection
EndGlobal
